
Microsoft Visual Studio Solution File, Format Version 12.00
# Visual Studio Version 17
VisualStudioVersion = 17.9.34701.34
MinimumVisualStudioVersion = 10.0.40219.1
Project("{FAE04EC0-301F-11D3-BF4B-00C04F79EFBC}") = "LINQGroupBy", "LINQGroupBy\LINQGroupBy.csproj", "{95801C95-C439-4C43-A57B-48779F8C431B}"
EndProject
Global
	GlobalSection(SolutionConfigurationPlatforms) = preSolution
		Debug|Any CPU = Debug|Any CPU
		Release|Any CPU = Release|Any CPU
	EndGlobalSection
	GlobalSection(ProjectConfigurationPlatforms) = postSolution
		{95801C95-C439-4C43-A57B-48779F8C431B}.Debug|Any CPU.ActiveCfg = Debug|Any CPU
		{95801C95-C439-4C43-A57B-48779F8C431B}.Debug|Any CPU.Build.0 = Debug|Any CPU
		{95801C95-C439-4C43-A57B-48779F8C431B}.Release|Any CPU.ActiveCfg = Release|Any CPU
		{95801C95-C439-4C43-A57B-48779F8C431B}.Release|Any CPU.Build.0 = Release|Any CPU
	EndGlobalSection
	GlobalSection(SolutionProperties) = preSolution
		HideSolutionNode = FALSE
	EndGlobalSection
	GlobalSection(ExtensibilityGlobals) = postSolution
		SolutionGuid = {88312186-061C-4CAE-AE52-B3B11F9572CB}
	EndGlobalSection
EndGlobal
