
Microsoft Visual Studio Solution File, Format Version 12.00
# Visual Studio Version 17
VisualStudioVersion = 17.10.35013.160
MinimumVisualStudioVersion = 10.0.40219.1
Project("{FAE04EC0-301F-11D3-BF4B-00C04F79EFBC}") = "AsyncAwait", "AsyncAwait\AsyncAwait.csproj", "{82277FFD-CDB2-422D-A53E-E4BF747F1201}"
EndProject
Global
	GlobalSection(SolutionConfigurationPlatforms) = preSolution
		Debug|Any CPU = Debug|Any CPU
		Release|Any CPU = Release|Any CPU
	EndGlobalSection
	GlobalSection(ProjectConfigurationPlatforms) = postSolution
		{82277FFD-CDB2-422D-A53E-E4BF747F1201}.Debug|Any CPU.ActiveCfg = Debug|Any CPU
		{82277FFD-CDB2-422D-A53E-E4BF747F1201}.Debug|Any CPU.Build.0 = Debug|Any CPU
		{82277FFD-CDB2-422D-A53E-E4BF747F1201}.Release|Any CPU.ActiveCfg = Release|Any CPU
		{82277FFD-CDB2-422D-A53E-E4BF747F1201}.Release|Any CPU.Build.0 = Release|Any CPU
	EndGlobalSection
	GlobalSection(SolutionProperties) = preSolution
		HideSolutionNode = FALSE
	EndGlobalSection
	GlobalSection(ExtensibilityGlobals) = postSolution
		SolutionGuid = {FB744F43-176E-4193-83AC-46F022E84775}
	EndGlobalSection
EndGlobal
