
Microsoft Visual Studio Solution File, Format Version 12.00
# Visual Studio Version 17
VisualStudioVersion = 17.10.35013.160
MinimumVisualStudioVersion = 10.0.40219.1
Project("{FAE04EC0-301F-11D3-BF4B-00C04F79EFBC}") = "List1", "List1\List1.csproj", "{5DBD58AC-8F4D-4166-A069-30BCB5EB4823}"
EndProject
Global
	GlobalSection(SolutionConfigurationPlatforms) = preSolution
		Debug|Any CPU = Debug|Any CPU
		Release|Any CPU = Release|Any CPU
	EndGlobalSection
	GlobalSection(ProjectConfigurationPlatforms) = postSolution
		{5DBD58AC-8F4D-4166-A069-30BCB5EB4823}.Debug|Any CPU.ActiveCfg = Debug|Any CPU
		{5DBD58AC-8F4D-4166-A069-30BCB5EB4823}.Debug|Any CPU.Build.0 = Debug|Any CPU
		{5DBD58AC-8F4D-4166-A069-30BCB5EB4823}.Release|Any CPU.ActiveCfg = Release|Any CPU
		{5DBD58AC-8F4D-4166-A069-30BCB5EB4823}.Release|Any CPU.Build.0 = Release|Any CPU
	EndGlobalSection
	GlobalSection(SolutionProperties) = preSolution
		HideSolutionNode = FALSE
	EndGlobalSection
	GlobalSection(ExtensibilityGlobals) = postSolution
		SolutionGuid = {9E061BDA-C4B0-450C-8CE5-FA2720AC9B45}
	EndGlobalSection
EndGlobal
