
Microsoft Visual Studio Solution File, Format Version 12.00
# Visual Studio Version 17
VisualStudioVersion = 17.8.34511.84
MinimumVisualStudioVersion = 10.0.40219.1
Project("{FAE04EC0-301F-11D3-BF4B-00C04F79EFBC}") = "ConsoleApp12", "ConsoleApp12\ConsoleApp12.csproj", "{335128B8-C1A3-45AA-9A62-9FBFEB6302C3}"
EndProject
Global
	GlobalSection(SolutionConfigurationPlatforms) = preSolution
		Debug|Any CPU = Debug|Any CPU
		Release|Any CPU = Release|Any CPU
	EndGlobalSection
	GlobalSection(ProjectConfigurationPlatforms) = postSolution
		{335128B8-C1A3-45AA-9A62-9FBFEB6302C3}.Debug|Any CPU.ActiveCfg = Debug|Any CPU
		{335128B8-C1A3-45AA-9A62-9FBFEB6302C3}.Debug|Any CPU.Build.0 = Debug|Any CPU
		{335128B8-C1A3-45AA-9A62-9FBFEB6302C3}.Release|Any CPU.ActiveCfg = Release|Any CPU
		{335128B8-C1A3-45AA-9A62-9FBFEB6302C3}.Release|Any CPU.Build.0 = Release|Any CPU
	EndGlobalSection
	GlobalSection(SolutionProperties) = preSolution
		HideSolutionNode = FALSE
	EndGlobalSection
	GlobalSection(ExtensibilityGlobals) = postSolution
		SolutionGuid = {91E7FA7C-3350-40D2-88E1-4789B065BD44}
	EndGlobalSection
EndGlobal
