
Microsoft Visual Studio Solution File, Format Version 12.00
# Visual Studio Version 17
VisualStudioVersion = 17.9.34714.143
MinimumVisualStudioVersion = 10.0.40219.1
Project("{FAE04EC0-301F-11D3-BF4B-00C04F79EFBC}") = "DataGen", "DataGen\DataGen.csproj", "{D72914CB-6ED4-4FCB-A7B9-E3ABB7EC6B79}"
EndProject
Global
	GlobalSection(SolutionConfigurationPlatforms) = preSolution
		Debug|Any CPU = Debug|Any CPU
		Release|Any CPU = Release|Any CPU
	EndGlobalSection
	GlobalSection(ProjectConfigurationPlatforms) = postSolution
		{D72914CB-6ED4-4FCB-A7B9-E3ABB7EC6B79}.Debug|Any CPU.ActiveCfg = Debug|Any CPU
		{D72914CB-6ED4-4FCB-A7B9-E3ABB7EC6B79}.Debug|Any CPU.Build.0 = Debug|Any CPU
		{D72914CB-6ED4-4FCB-A7B9-E3ABB7EC6B79}.Release|Any CPU.ActiveCfg = Release|Any CPU
		{D72914CB-6ED4-4FCB-A7B9-E3ABB7EC6B79}.Release|Any CPU.Build.0 = Release|Any CPU
	EndGlobalSection
	GlobalSection(SolutionProperties) = preSolution
		HideSolutionNode = FALSE
	EndGlobalSection
	GlobalSection(ExtensibilityGlobals) = postSolution
		SolutionGuid = {06788A40-BF6B-4471-8269-E24E9AE824AC}
	EndGlobalSection
EndGlobal
