
Microsoft Visual Studio Solution File, Format Version 12.00
# Visual Studio Version 17
VisualStudioVersion = 17.9.34622.214
MinimumVisualStudioVersion = 10.0.40219.1
Project("{FAE04EC0-301F-11D3-BF4B-00C04F79EFBC}") = "ParhuzamosCiklusok1", "ParhuzamosCiklusok1\ParhuzamosCiklusok1.csproj", "{082676C1-E3DA-4F4C-BFE6-DE54B4D020B7}"
EndProject
Global
	GlobalSection(SolutionConfigurationPlatforms) = preSolution
		Debug|Any CPU = Debug|Any CPU
		Release|Any CPU = Release|Any CPU
	EndGlobalSection
	GlobalSection(ProjectConfigurationPlatforms) = postSolution
		{082676C1-E3DA-4F4C-BFE6-DE54B4D020B7}.Debug|Any CPU.ActiveCfg = Debug|Any CPU
		{082676C1-E3DA-4F4C-BFE6-DE54B4D020B7}.Debug|Any CPU.Build.0 = Debug|Any CPU
		{082676C1-E3DA-4F4C-BFE6-DE54B4D020B7}.Release|Any CPU.ActiveCfg = Release|Any CPU
		{082676C1-E3DA-4F4C-BFE6-DE54B4D020B7}.Release|Any CPU.Build.0 = Release|Any CPU
	EndGlobalSection
	GlobalSection(SolutionProperties) = preSolution
		HideSolutionNode = FALSE
	EndGlobalSection
	GlobalSection(ExtensibilityGlobals) = postSolution
		SolutionGuid = {47F51BCB-F861-49F3-B7EF-BB7AA13B6738}
	EndGlobalSection
EndGlobal
