
Microsoft Visual Studio Solution File, Format Version 12.00
# Visual Studio Version 17
VisualStudioVersion = 17.9.34622.214
MinimumVisualStudioVersion = 10.0.40219.1
Project("{FAE04EC0-301F-11D3-BF4B-00C04F79EFBC}") = "ParalelInvoke", "ParalelInvoke\ParalelInvoke.csproj", "{F69AC508-04B8-415C-9E22-AFCC9AF48B92}"
EndProject
Global
	GlobalSection(SolutionConfigurationPlatforms) = preSolution
		Debug|Any CPU = Debug|Any CPU
		Release|Any CPU = Release|Any CPU
	EndGlobalSection
	GlobalSection(ProjectConfigurationPlatforms) = postSolution
		{F69AC508-04B8-415C-9E22-AFCC9AF48B92}.Debug|Any CPU.ActiveCfg = Debug|Any CPU
		{F69AC508-04B8-415C-9E22-AFCC9AF48B92}.Debug|Any CPU.Build.0 = Debug|Any CPU
		{F69AC508-04B8-415C-9E22-AFCC9AF48B92}.Release|Any CPU.ActiveCfg = Release|Any CPU
		{F69AC508-04B8-415C-9E22-AFCC9AF48B92}.Release|Any CPU.Build.0 = Release|Any CPU
	EndGlobalSection
	GlobalSection(SolutionProperties) = preSolution
		HideSolutionNode = FALSE
	EndGlobalSection
	GlobalSection(ExtensibilityGlobals) = postSolution
		SolutionGuid = {AC138452-AF84-4880-BA50-DF8A15CA69CC}
	EndGlobalSection
EndGlobal
