
Microsoft Visual Studio Solution File, Format Version 12.00
# Visual Studio Version 17
VisualStudioVersion = 17.9.34701.34
MinimumVisualStudioVersion = 10.0.40219.1
Project("{FAE04EC0-301F-11D3-BF4B-00C04F79EFBC}") = "LINQProjekcio", "LINQProjekcio\LINQProjekcio.csproj", "{419DCE50-B524-49AD-9337-5315BAF2EDDE}"
EndProject
Global
	GlobalSection(SolutionConfigurationPlatforms) = preSolution
		Debug|Any CPU = Debug|Any CPU
		Release|Any CPU = Release|Any CPU
	EndGlobalSection
	GlobalSection(ProjectConfigurationPlatforms) = postSolution
		{419DCE50-B524-49AD-9337-5315BAF2EDDE}.Debug|Any CPU.ActiveCfg = Debug|Any CPU
		{419DCE50-B524-49AD-9337-5315BAF2EDDE}.Debug|Any CPU.Build.0 = Debug|Any CPU
		{419DCE50-B524-49AD-9337-5315BAF2EDDE}.Release|Any CPU.ActiveCfg = Release|Any CPU
		{419DCE50-B524-49AD-9337-5315BAF2EDDE}.Release|Any CPU.Build.0 = Release|Any CPU
	EndGlobalSection
	GlobalSection(SolutionProperties) = preSolution
		HideSolutionNode = FALSE
	EndGlobalSection
	GlobalSection(ExtensibilityGlobals) = postSolution
		SolutionGuid = {61771D7A-E0A3-4D1E-B4F4-8C59E7B08B3A}
	EndGlobalSection
EndGlobal
