
Microsoft Visual Studio Solution File, Format Version 12.00
# Visual Studio Version 17
VisualStudioVersion = 17.9.34728.123
MinimumVisualStudioVersion = 10.0.40219.1
Project("{FAE04EC0-301F-11D3-BF4B-00C04F79EFBC}") = "yieldTest4", "yieldTest4.csproj", "{C9892229-79F1-417D-BEE9-9E0B43D67426}"
EndProject
Global
	GlobalSection(SolutionConfigurationPlatforms) = preSolution
		Debug|Any CPU = Debug|Any CPU
		Release|Any CPU = Release|Any CPU
	EndGlobalSection
	GlobalSection(ProjectConfigurationPlatforms) = postSolution
		{C9892229-79F1-417D-BEE9-9E0B43D67426}.Debug|Any CPU.ActiveCfg = Debug|Any CPU
		{C9892229-79F1-417D-BEE9-9E0B43D67426}.Debug|Any CPU.Build.0 = Debug|Any CPU
		{C9892229-79F1-417D-BEE9-9E0B43D67426}.Release|Any CPU.ActiveCfg = Release|Any CPU
		{C9892229-79F1-417D-BEE9-9E0B43D67426}.Release|Any CPU.Build.0 = Release|Any CPU
	EndGlobalSection
	GlobalSection(SolutionProperties) = preSolution
		HideSolutionNode = FALSE
	EndGlobalSection
	GlobalSection(ExtensibilityGlobals) = postSolution
		SolutionGuid = {E8ED8232-6F96-4B41-BBCD-B9122F7C3BB2}
	EndGlobalSection
EndGlobal
