
Microsoft Visual Studio Solution File, Format Version 12.00
# Visual Studio Version 17
VisualStudioVersion = 17.10.35013.160
MinimumVisualStudioVersion = 10.0.40219.1
Project("{FAE04EC0-301F-11D3-BF4B-00C04F79EFBC}") = "Fajlkezeles1", "Fajlkezeles1\Fajlkezeles1.csproj", "{CA4EE235-2E22-48D4-A559-545F568C4262}"
EndProject
Global
	GlobalSection(SolutionConfigurationPlatforms) = preSolution
		Debug|Any CPU = Debug|Any CPU
		Release|Any CPU = Release|Any CPU
	EndGlobalSection
	GlobalSection(ProjectConfigurationPlatforms) = postSolution
		{CA4EE235-2E22-48D4-A559-545F568C4262}.Debug|Any CPU.ActiveCfg = Debug|Any CPU
		{CA4EE235-2E22-48D4-A559-545F568C4262}.Debug|Any CPU.Build.0 = Debug|Any CPU
		{CA4EE235-2E22-48D4-A559-545F568C4262}.Release|Any CPU.ActiveCfg = Release|Any CPU
		{CA4EE235-2E22-48D4-A559-545F568C4262}.Release|Any CPU.Build.0 = Release|Any CPU
	EndGlobalSection
	GlobalSection(SolutionProperties) = preSolution
		HideSolutionNode = FALSE
	EndGlobalSection
	GlobalSection(ExtensibilityGlobals) = postSolution
		SolutionGuid = {3BECB7C6-41B7-4E67-A5AD-9055D62EAC97}
	EndGlobalSection
EndGlobal
