
Microsoft Visual Studio Solution File, Format Version 12.00
# Visual Studio Version 17
VisualStudioVersion = 17.9.34616.47
MinimumVisualStudioVersion = 10.0.40219.1
Project("{FAE04EC0-301F-11D3-BF4B-00C04F79EFBC}") = "Threads1", "Threads1\Threads1.csproj", "{BBCF91E8-E5A1-410F-BEDA-9A7A38E99D64}"
EndProject
Global
	GlobalSection(SolutionConfigurationPlatforms) = preSolution
		Debug|Any CPU = Debug|Any CPU
		Release|Any CPU = Release|Any CPU
	EndGlobalSection
	GlobalSection(ProjectConfigurationPlatforms) = postSolution
		{BBCF91E8-E5A1-410F-BEDA-9A7A38E99D64}.Debug|Any CPU.ActiveCfg = Debug|Any CPU
		{BBCF91E8-E5A1-410F-BEDA-9A7A38E99D64}.Debug|Any CPU.Build.0 = Debug|Any CPU
		{BBCF91E8-E5A1-410F-BEDA-9A7A38E99D64}.Release|Any CPU.ActiveCfg = Release|Any CPU
		{BBCF91E8-E5A1-410F-BEDA-9A7A38E99D64}.Release|Any CPU.Build.0 = Release|Any CPU
	EndGlobalSection
	GlobalSection(SolutionProperties) = preSolution
		HideSolutionNode = FALSE
	EndGlobalSection
	GlobalSection(ExtensibilityGlobals) = postSolution
		SolutionGuid = {140497BE-26FD-4604-B632-EA2517A02C82}
	EndGlobalSection
EndGlobal
