
Microsoft Visual Studio Solution File, Format Version 12.00
# Visual Studio Version 17
VisualStudioVersion = 17.8.34525.116
MinimumVisualStudioVersion = 10.0.40219.1
Project("{FAE04EC0-301F-11D3-BF4B-00C04F79EFBC}") = "ConsoleApp35", "ConsoleApp35\ConsoleApp35.csproj", "{36F0C130-F7FA-4134-9FF4-2FF85F4E57F3}"
EndProject
Global
	GlobalSection(SolutionConfigurationPlatforms) = preSolution
		Debug|Any CPU = Debug|Any CPU
		Release|Any CPU = Release|Any CPU
	EndGlobalSection
	GlobalSection(ProjectConfigurationPlatforms) = postSolution
		{36F0C130-F7FA-4134-9FF4-2FF85F4E57F3}.Debug|Any CPU.ActiveCfg = Debug|Any CPU
		{36F0C130-F7FA-4134-9FF4-2FF85F4E57F3}.Debug|Any CPU.Build.0 = Debug|Any CPU
		{36F0C130-F7FA-4134-9FF4-2FF85F4E57F3}.Release|Any CPU.ActiveCfg = Release|Any CPU
		{36F0C130-F7FA-4134-9FF4-2FF85F4E57F3}.Release|Any CPU.Build.0 = Release|Any CPU
	EndGlobalSection
	GlobalSection(SolutionProperties) = preSolution
		HideSolutionNode = FALSE
	EndGlobalSection
	GlobalSection(ExtensibilityGlobals) = postSolution
		SolutionGuid = {8AAE0CEC-8FAF-424D-975D-A001B5679FC4}
	EndGlobalSection
EndGlobal
