
Microsoft Visual Studio Solution File, Format Version 12.00
# Visual Studio Version 17
VisualStudioVersion = 17.8.34511.84
MinimumVisualStudioVersion = 10.0.40219.1
Project("{FAE04EC0-301F-11D3-BF4B-00C04F79EFBC}") = "Inheritance2", "Inheritance2\Inheritance2.csproj", "{AD8F7186-265F-4FF6-AB61-E4EDA40CD070}"
EndProject
Global
	GlobalSection(SolutionConfigurationPlatforms) = preSolution
		Debug|Any CPU = Debug|Any CPU
		Release|Any CPU = Release|Any CPU
	EndGlobalSection
	GlobalSection(ProjectConfigurationPlatforms) = postSolution
		{AD8F7186-265F-4FF6-AB61-E4EDA40CD070}.Debug|Any CPU.ActiveCfg = Debug|Any CPU
		{AD8F7186-265F-4FF6-AB61-E4EDA40CD070}.Debug|Any CPU.Build.0 = Debug|Any CPU
		{AD8F7186-265F-4FF6-AB61-E4EDA40CD070}.Release|Any CPU.ActiveCfg = Release|Any CPU
		{AD8F7186-265F-4FF6-AB61-E4EDA40CD070}.Release|Any CPU.Build.0 = Release|Any CPU
	EndGlobalSection
	GlobalSection(SolutionProperties) = preSolution
		HideSolutionNode = FALSE
	EndGlobalSection
	GlobalSection(ExtensibilityGlobals) = postSolution
		SolutionGuid = {80CAD1D2-DAFF-426D-9668-87C36A6719C7}
	EndGlobalSection
EndGlobal
