
Microsoft Visual Studio Solution File, Format Version 12.00
# Visual Studio Version 17
VisualStudioVersion = 17.9.34616.47
MinimumVisualStudioVersion = 10.0.40219.1
Project("{FAE04EC0-301F-11D3-BF4B-00C04F79EFBC}") = "Async", "Async\Async.csproj", "{8DDDC2AC-A9AE-4060-BE4F-10B817BF419D}"
EndProject
Global
	GlobalSection(SolutionConfigurationPlatforms) = preSolution
		Debug|Any CPU = Debug|Any CPU
		Release|Any CPU = Release|Any CPU
	EndGlobalSection
	GlobalSection(ProjectConfigurationPlatforms) = postSolution
		{8DDDC2AC-A9AE-4060-BE4F-10B817BF419D}.Debug|Any CPU.ActiveCfg = Debug|Any CPU
		{8DDDC2AC-A9AE-4060-BE4F-10B817BF419D}.Debug|Any CPU.Build.0 = Debug|Any CPU
		{8DDDC2AC-A9AE-4060-BE4F-10B817BF419D}.Release|Any CPU.ActiveCfg = Release|Any CPU
		{8DDDC2AC-A9AE-4060-BE4F-10B817BF419D}.Release|Any CPU.Build.0 = Release|Any CPU
	EndGlobalSection
	GlobalSection(SolutionProperties) = preSolution
		HideSolutionNode = FALSE
	EndGlobalSection
	GlobalSection(ExtensibilityGlobals) = postSolution
		SolutionGuid = {47756942-44E3-4CC4-A920-DF2D6DE88227}
	EndGlobalSection
EndGlobal
