
Microsoft Visual Studio Solution File, Format Version 12.00
# Visual Studio Version 17
VisualStudioVersion = 17.9.34701.34
MinimumVisualStudioVersion = 10.0.40219.1
Project("{FAE04EC0-301F-11D3-BF4B-00C04F79EFBC}") = "Projekcio1", "Projekcio1\Projekcio1.csproj", "{6C70FFBC-0798-4A4D-B92C-32C8BFC502DD}"
EndProject
Global
	GlobalSection(SolutionConfigurationPlatforms) = preSolution
		Debug|Any CPU = Debug|Any CPU
		Release|Any CPU = Release|Any CPU
	EndGlobalSection
	GlobalSection(ProjectConfigurationPlatforms) = postSolution
		{6C70FFBC-0798-4A4D-B92C-32C8BFC502DD}.Debug|Any CPU.ActiveCfg = Debug|Any CPU
		{6C70FFBC-0798-4A4D-B92C-32C8BFC502DD}.Debug|Any CPU.Build.0 = Debug|Any CPU
		{6C70FFBC-0798-4A4D-B92C-32C8BFC502DD}.Release|Any CPU.ActiveCfg = Release|Any CPU
		{6C70FFBC-0798-4A4D-B92C-32C8BFC502DD}.Release|Any CPU.Build.0 = Release|Any CPU
	EndGlobalSection
	GlobalSection(SolutionProperties) = preSolution
		HideSolutionNode = FALSE
	EndGlobalSection
	GlobalSection(ExtensibilityGlobals) = postSolution
		SolutionGuid = {CE4888B5-6D68-44FB-8FA1-83AA3584D03F}
	EndGlobalSection
EndGlobal
