
Microsoft Visual Studio Solution File, Format Version 12.00
# Visual Studio Version 17
VisualStudioVersion = 17.10.35013.160
MinimumVisualStudioVersion = 10.0.40219.1
Project("{FAE04EC0-301F-11D3-BF4B-00C04F79EFBC}") = "Generics1", "Generics1\Generics1.csproj", "{AB3443D0-5AD4-4254-B178-08BAD282D27B}"
EndProject
Global
	GlobalSection(SolutionConfigurationPlatforms) = preSolution
		Debug|Any CPU = Debug|Any CPU
		Release|Any CPU = Release|Any CPU
	EndGlobalSection
	GlobalSection(ProjectConfigurationPlatforms) = postSolution
		{AB3443D0-5AD4-4254-B178-08BAD282D27B}.Debug|Any CPU.ActiveCfg = Debug|Any CPU
		{AB3443D0-5AD4-4254-B178-08BAD282D27B}.Debug|Any CPU.Build.0 = Debug|Any CPU
		{AB3443D0-5AD4-4254-B178-08BAD282D27B}.Release|Any CPU.ActiveCfg = Release|Any CPU
		{AB3443D0-5AD4-4254-B178-08BAD282D27B}.Release|Any CPU.Build.0 = Release|Any CPU
	EndGlobalSection
	GlobalSection(SolutionProperties) = preSolution
		HideSolutionNode = FALSE
	EndGlobalSection
	GlobalSection(ExtensibilityGlobals) = postSolution
		SolutionGuid = {AFABC8BA-5DD6-4822-B407-0459D4F39E41}
	EndGlobalSection
EndGlobal
