
Microsoft Visual Studio Solution File, Format Version 12.00
# Visual Studio Version 17
VisualStudioVersion = 17.10.34916.146
MinimumVisualStudioVersion = 10.0.40219.1
Project("{FAE04EC0-301F-11D3-BF4B-00C04F79EFBC}") = "EmptyProjectTest", "EmptyProjectTest\EmptyProjectTest.csproj", "{9499A77D-1AB1-4E97-B969-8A5B513CE86E}"
EndProject
Global
	GlobalSection(SolutionConfigurationPlatforms) = preSolution
		Debug|Any CPU = Debug|Any CPU
		Release|Any CPU = Release|Any CPU
	EndGlobalSection
	GlobalSection(ProjectConfigurationPlatforms) = postSolution
		{9499A77D-1AB1-4E97-B969-8A5B513CE86E}.Debug|Any CPU.ActiveCfg = Debug|Any CPU
		{9499A77D-1AB1-4E97-B969-8A5B513CE86E}.Debug|Any CPU.Build.0 = Debug|Any CPU
		{9499A77D-1AB1-4E97-B969-8A5B513CE86E}.Release|Any CPU.ActiveCfg = Release|Any CPU
		{9499A77D-1AB1-4E97-B969-8A5B513CE86E}.Release|Any CPU.Build.0 = Release|Any CPU
	EndGlobalSection
	GlobalSection(SolutionProperties) = preSolution
		HideSolutionNode = FALSE
	EndGlobalSection
	GlobalSection(ExtensibilityGlobals) = postSolution
		SolutionGuid = {7CCE65BD-46DC-4E6A-A9AE-F9D11BE1EC10}
	EndGlobalSection
EndGlobal
