
Microsoft Visual Studio Solution File, Format Version 12.00
# Visual Studio Version 17
VisualStudioVersion = 17.8.34511.84
MinimumVisualStudioVersion = 10.0.40219.1
Project("{FAE04EC0-301F-11D3-BF4B-00C04F79EFBC}") = "ConsoleApp18", "ConsoleApp18\ConsoleApp18.csproj", "{10E9F4AC-5EB1-41B6-9737-4108E223E264}"
EndProject
Global
	GlobalSection(SolutionConfigurationPlatforms) = preSolution
		Debug|Any CPU = Debug|Any CPU
		Release|Any CPU = Release|Any CPU
	EndGlobalSection
	GlobalSection(ProjectConfigurationPlatforms) = postSolution
		{10E9F4AC-5EB1-41B6-9737-4108E223E264}.Debug|Any CPU.ActiveCfg = Debug|Any CPU
		{10E9F4AC-5EB1-41B6-9737-4108E223E264}.Debug|Any CPU.Build.0 = Debug|Any CPU
		{10E9F4AC-5EB1-41B6-9737-4108E223E264}.Release|Any CPU.ActiveCfg = Release|Any CPU
		{10E9F4AC-5EB1-41B6-9737-4108E223E264}.Release|Any CPU.Build.0 = Release|Any CPU
	EndGlobalSection
	GlobalSection(SolutionProperties) = preSolution
		HideSolutionNode = FALSE
	EndGlobalSection
	GlobalSection(ExtensibilityGlobals) = postSolution
		SolutionGuid = {14BC2A1D-C66C-4AED-BE3B-314C120D37EF}
	EndGlobalSection
EndGlobal
