
Microsoft Visual Studio Solution File, Format Version 12.00
# Visual Studio Version 17
VisualStudioVersion = 17.8.34525.116
MinimumVisualStudioVersion = 10.0.40219.1
Project("{FAE04EC0-301F-11D3-BF4B-00C04F79EFBC}") = "Anonymus-Method1", "Anonymus-Method1\Anonymus-Method1.csproj", "{D5FE86DC-141C-4C02-9D9B-4D4C48EF0817}"
EndProject
Global
	GlobalSection(SolutionConfigurationPlatforms) = preSolution
		Debug|Any CPU = Debug|Any CPU
		Release|Any CPU = Release|Any CPU
	EndGlobalSection
	GlobalSection(ProjectConfigurationPlatforms) = postSolution
		{D5FE86DC-141C-4C02-9D9B-4D4C48EF0817}.Debug|Any CPU.ActiveCfg = Debug|Any CPU
		{D5FE86DC-141C-4C02-9D9B-4D4C48EF0817}.Debug|Any CPU.Build.0 = Debug|Any CPU
		{D5FE86DC-141C-4C02-9D9B-4D4C48EF0817}.Release|Any CPU.ActiveCfg = Release|Any CPU
		{D5FE86DC-141C-4C02-9D9B-4D4C48EF0817}.Release|Any CPU.Build.0 = Release|Any CPU
	EndGlobalSection
	GlobalSection(SolutionProperties) = preSolution
		HideSolutionNode = FALSE
	EndGlobalSection
	GlobalSection(ExtensibilityGlobals) = postSolution
		SolutionGuid = {2C5FF998-4335-4ECA-9DA2-308F7F21CBB0}
	EndGlobalSection
EndGlobal
