
Microsoft Visual Studio Solution File, Format Version 12.00
# Visual Studio Version 17
VisualStudioVersion = 17.9.34723.18
MinimumVisualStudioVersion = 10.0.40219.1
Project("{FAE04EC0-301F-11D3-BF4B-00C04F79EFBC}") = "ConsoleAppx", "ConsoleAppx\ConsoleAppx.csproj", "{3EC72B46-9981-4D30-85F2-884FE59D2738}"
EndProject
Global
	GlobalSection(SolutionConfigurationPlatforms) = preSolution
		Debug|Any CPU = Debug|Any CPU
		Release|Any CPU = Release|Any CPU
	EndGlobalSection
	GlobalSection(ProjectConfigurationPlatforms) = postSolution
		{3EC72B46-9981-4D30-85F2-884FE59D2738}.Debug|Any CPU.ActiveCfg = Debug|Any CPU
		{3EC72B46-9981-4D30-85F2-884FE59D2738}.Debug|Any CPU.Build.0 = Debug|Any CPU
		{3EC72B46-9981-4D30-85F2-884FE59D2738}.Release|Any CPU.ActiveCfg = Release|Any CPU
		{3EC72B46-9981-4D30-85F2-884FE59D2738}.Release|Any CPU.Build.0 = Release|Any CPU
	EndGlobalSection
	GlobalSection(SolutionProperties) = preSolution
		HideSolutionNode = FALSE
	EndGlobalSection
	GlobalSection(ExtensibilityGlobals) = postSolution
		SolutionGuid = {4C3AC521-C88F-483C-A8FD-44615BCBC639}
	EndGlobalSection
EndGlobal
