
Microsoft Visual Studio Solution File, Format Version 12.00
# Visual Studio Version 17
VisualStudioVersion = 17.8.34525.116
MinimumVisualStudioVersion = 10.0.40219.1
Project("{FAE04EC0-301F-11D3-BF4B-00C04F79EFBC}") = "Event3", "Event3\Event3.csproj", "{E05EA6E4-6A30-4275-A7F3-CF0B2DD732B0}"
EndProject
Global
	GlobalSection(SolutionConfigurationPlatforms) = preSolution
		Debug|Any CPU = Debug|Any CPU
		Release|Any CPU = Release|Any CPU
	EndGlobalSection
	GlobalSection(ProjectConfigurationPlatforms) = postSolution
		{E05EA6E4-6A30-4275-A7F3-CF0B2DD732B0}.Debug|Any CPU.ActiveCfg = Debug|Any CPU
		{E05EA6E4-6A30-4275-A7F3-CF0B2DD732B0}.Debug|Any CPU.Build.0 = Debug|Any CPU
		{E05EA6E4-6A30-4275-A7F3-CF0B2DD732B0}.Release|Any CPU.ActiveCfg = Release|Any CPU
		{E05EA6E4-6A30-4275-A7F3-CF0B2DD732B0}.Release|Any CPU.Build.0 = Release|Any CPU
	EndGlobalSection
	GlobalSection(SolutionProperties) = preSolution
		HideSolutionNode = FALSE
	EndGlobalSection
	GlobalSection(ExtensibilityGlobals) = postSolution
		SolutionGuid = {E25FD808-28F0-4714-987B-87FA619979A6}
	EndGlobalSection
EndGlobal
