
Microsoft Visual Studio Solution File, Format Version 12.00
# Visual Studio Version 17
VisualStudioVersion = 17.9.34607.119
MinimumVisualStudioVersion = 10.0.40219.1
Project("{FAE04EC0-301F-11D3-BF4B-00C04F79EFBC}") = "Lambda6", "Lambda6\Lambda6.csproj", "{3CEC89D3-B367-4596-9301-86E1C7F06006}"
EndProject
Global
	GlobalSection(SolutionConfigurationPlatforms) = preSolution
		Debug|Any CPU = Debug|Any CPU
		Release|Any CPU = Release|Any CPU
	EndGlobalSection
	GlobalSection(ProjectConfigurationPlatforms) = postSolution
		{3CEC89D3-B367-4596-9301-86E1C7F06006}.Debug|Any CPU.ActiveCfg = Debug|Any CPU
		{3CEC89D3-B367-4596-9301-86E1C7F06006}.Debug|Any CPU.Build.0 = Debug|Any CPU
		{3CEC89D3-B367-4596-9301-86E1C7F06006}.Release|Any CPU.ActiveCfg = Release|Any CPU
		{3CEC89D3-B367-4596-9301-86E1C7F06006}.Release|Any CPU.Build.0 = Release|Any CPU
	EndGlobalSection
	GlobalSection(SolutionProperties) = preSolution
		HideSolutionNode = FALSE
	EndGlobalSection
	GlobalSection(ExtensibilityGlobals) = postSolution
		SolutionGuid = {DF15A114-8D0B-438C-85A6-25851197E54D}
	EndGlobalSection
EndGlobal
