
Microsoft Visual Studio Solution File, Format Version 12.00
# Visual Studio Version 17
VisualStudioVersion = 17.8.34525.116
MinimumVisualStudioVersion = 10.0.40219.1
Project("{FAE04EC0-301F-11D3-BF4B-00C04F79EFBC}") = "List4", "List4\List4.csproj", "{A7825524-9657-46FD-A843-8B262677B171}"
EndProject
Global
	GlobalSection(SolutionConfigurationPlatforms) = preSolution
		Debug|Any CPU = Debug|Any CPU
		Release|Any CPU = Release|Any CPU
	EndGlobalSection
	GlobalSection(ProjectConfigurationPlatforms) = postSolution
		{A7825524-9657-46FD-A843-8B262677B171}.Debug|Any CPU.ActiveCfg = Debug|Any CPU
		{A7825524-9657-46FD-A843-8B262677B171}.Debug|Any CPU.Build.0 = Debug|Any CPU
		{A7825524-9657-46FD-A843-8B262677B171}.Release|Any CPU.ActiveCfg = Release|Any CPU
		{A7825524-9657-46FD-A843-8B262677B171}.Release|Any CPU.Build.0 = Release|Any CPU
	EndGlobalSection
	GlobalSection(SolutionProperties) = preSolution
		HideSolutionNode = FALSE
	EndGlobalSection
	GlobalSection(ExtensibilityGlobals) = postSolution
		SolutionGuid = {BEF97C9C-A281-49DF-A2E2-B175E5AAC170}
	EndGlobalSection
EndGlobal
