
Microsoft Visual Studio Solution File, Format Version 12.00
# Visual Studio Version 17
VisualStudioVersion = 17.8.34525.116
MinimumVisualStudioVersion = 10.0.40219.1
Project("{FAE04EC0-301F-11D3-BF4B-00C04F79EFBC}") = "IComparer-interface", "IComparer-interface\IComparer-interface.csproj", "{AB792836-7C9C-431F-BA22-D35BF727311A}"
EndProject
Global
	GlobalSection(SolutionConfigurationPlatforms) = preSolution
		Debug|Any CPU = Debug|Any CPU
		Release|Any CPU = Release|Any CPU
	EndGlobalSection
	GlobalSection(ProjectConfigurationPlatforms) = postSolution
		{AB792836-7C9C-431F-BA22-D35BF727311A}.Debug|Any CPU.ActiveCfg = Debug|Any CPU
		{AB792836-7C9C-431F-BA22-D35BF727311A}.Debug|Any CPU.Build.0 = Debug|Any CPU
		{AB792836-7C9C-431F-BA22-D35BF727311A}.Release|Any CPU.ActiveCfg = Release|Any CPU
		{AB792836-7C9C-431F-BA22-D35BF727311A}.Release|Any CPU.Build.0 = Release|Any CPU
	EndGlobalSection
	GlobalSection(SolutionProperties) = preSolution
		HideSolutionNode = FALSE
	EndGlobalSection
	GlobalSection(ExtensibilityGlobals) = postSolution
		SolutionGuid = {443E1AF9-5C8C-4967-B857-E2679F5BFD91}
	EndGlobalSection
EndGlobal
