
Microsoft Visual Studio Solution File, Format Version 12.00
# Visual Studio Version 17
VisualStudioVersion = 17.9.34701.34
MinimumVisualStudioVersion = 10.0.40219.1
Project("{FAE04EC0-301F-11D3-BF4B-00C04F79EFBC}") = "konverziosOperatorok", "konverziosOperatorok\konverziosOperatorok.csproj", "{AB853A0B-530F-48A0-A363-65CE07D66121}"
EndProject
Global
	GlobalSection(SolutionConfigurationPlatforms) = preSolution
		Debug|Any CPU = Debug|Any CPU
		Release|Any CPU = Release|Any CPU
	EndGlobalSection
	GlobalSection(ProjectConfigurationPlatforms) = postSolution
		{AB853A0B-530F-48A0-A363-65CE07D66121}.Debug|Any CPU.ActiveCfg = Debug|Any CPU
		{AB853A0B-530F-48A0-A363-65CE07D66121}.Debug|Any CPU.Build.0 = Debug|Any CPU
		{AB853A0B-530F-48A0-A363-65CE07D66121}.Release|Any CPU.ActiveCfg = Release|Any CPU
		{AB853A0B-530F-48A0-A363-65CE07D66121}.Release|Any CPU.Build.0 = Release|Any CPU
	EndGlobalSection
	GlobalSection(SolutionProperties) = preSolution
		HideSolutionNode = FALSE
	EndGlobalSection
	GlobalSection(ExtensibilityGlobals) = postSolution
		SolutionGuid = {926BD760-93C4-4A60-B58E-FF098D22BF58}
	EndGlobalSection
EndGlobal
