
Microsoft Visual Studio Solution File, Format Version 12.00
# Visual Studio Version 17
VisualStudioVersion = 17.9.34728.123
MinimumVisualStudioVersion = 10.0.40219.1
Project("{FAE04EC0-301F-11D3-BF4B-00C04F79EFBC}") = "SortedList", "SortedList\SortedList.csproj", "{5F445E70-1C88-4671-A33A-93FCCE8C2A8B}"
EndProject
Global
	GlobalSection(SolutionConfigurationPlatforms) = preSolution
		Debug|Any CPU = Debug|Any CPU
		Release|Any CPU = Release|Any CPU
	EndGlobalSection
	GlobalSection(ProjectConfigurationPlatforms) = postSolution
		{5F445E70-1C88-4671-A33A-93FCCE8C2A8B}.Debug|Any CPU.ActiveCfg = Debug|Any CPU
		{5F445E70-1C88-4671-A33A-93FCCE8C2A8B}.Debug|Any CPU.Build.0 = Debug|Any CPU
		{5F445E70-1C88-4671-A33A-93FCCE8C2A8B}.Release|Any CPU.ActiveCfg = Release|Any CPU
		{5F445E70-1C88-4671-A33A-93FCCE8C2A8B}.Release|Any CPU.Build.0 = Release|Any CPU
	EndGlobalSection
	GlobalSection(SolutionProperties) = preSolution
		HideSolutionNode = FALSE
	EndGlobalSection
	GlobalSection(ExtensibilityGlobals) = postSolution
		SolutionGuid = {E164C4C3-8542-4DD3-AB33-DA90CD08BBC1}
	EndGlobalSection
EndGlobal
