
Microsoft Visual Studio Solution File, Format Version 12.00
# Visual Studio Version 17
VisualStudioVersion = 17.8.34511.84
MinimumVisualStudioVersion = 10.0.40219.1
Project("{FAE04EC0-301F-11D3-BF4B-00C04F79EFBC}") = "ConsoleAppExtensionMethod", "ConsoleApp25\ConsoleAppExtensionMethod.csproj", "{D58ED33C-1A7B-437F-837B-2146971315D1}"
EndProject
Global
	GlobalSection(SolutionConfigurationPlatforms) = preSolution
		Debug|Any CPU = Debug|Any CPU
		Release|Any CPU = Release|Any CPU
	EndGlobalSection
	GlobalSection(ProjectConfigurationPlatforms) = postSolution
		{D58ED33C-1A7B-437F-837B-2146971315D1}.Debug|Any CPU.ActiveCfg = Debug|Any CPU
		{D58ED33C-1A7B-437F-837B-2146971315D1}.Debug|Any CPU.Build.0 = Debug|Any CPU
		{D58ED33C-1A7B-437F-837B-2146971315D1}.Release|Any CPU.ActiveCfg = Release|Any CPU
		{D58ED33C-1A7B-437F-837B-2146971315D1}.Release|Any CPU.Build.0 = Release|Any CPU
	EndGlobalSection
	GlobalSection(SolutionProperties) = preSolution
		HideSolutionNode = FALSE
	EndGlobalSection
	GlobalSection(ExtensibilityGlobals) = postSolution
		SolutionGuid = {0AB93051-1662-43A2-955B-FA4A0035DF20}
	EndGlobalSection
EndGlobal
