
Microsoft Visual Studio Solution File, Format Version 12.00
# Visual Studio Version 17
VisualStudioVersion = 17.9.34714.143
MinimumVisualStudioVersion = 10.0.40219.1
Project("{FAE04EC0-301F-11D3-BF4B-00C04F79EFBC}") = "WindowsFormsApp2", "WindowsFormsApp2\WindowsFormsApp2.csproj", "{46A5B2EC-8F7E-452F-9AB6-CCC5AB6B81CC}"
EndProject
Global
	GlobalSection(SolutionConfigurationPlatforms) = preSolution
		Debug|Any CPU = Debug|Any CPU
		Release|Any CPU = Release|Any CPU
	EndGlobalSection
	GlobalSection(ProjectConfigurationPlatforms) = postSolution
		{46A5B2EC-8F7E-452F-9AB6-CCC5AB6B81CC}.Debug|Any CPU.ActiveCfg = Debug|Any CPU
		{46A5B2EC-8F7E-452F-9AB6-CCC5AB6B81CC}.Debug|Any CPU.Build.0 = Debug|Any CPU
		{46A5B2EC-8F7E-452F-9AB6-CCC5AB6B81CC}.Release|Any CPU.ActiveCfg = Release|Any CPU
		{46A5B2EC-8F7E-452F-9AB6-CCC5AB6B81CC}.Release|Any CPU.Build.0 = Release|Any CPU
	EndGlobalSection
	GlobalSection(SolutionProperties) = preSolution
		HideSolutionNode = FALSE
	EndGlobalSection
	GlobalSection(ExtensibilityGlobals) = postSolution
		SolutionGuid = {A393DD74-1AD5-4848-84F5-FEE0B685F8E9}
	EndGlobalSection
EndGlobal
