
Microsoft Visual Studio Solution File, Format Version 12.00
# Visual Studio Version 16
VisualStudioVersion = 25.0.1706.7
MinimumVisualStudioVersion = 10.0.40219.1
Project("{FAE04EC0-301F-11D3-BF4B-00C04F79EFBC}") = "ConsoleApp", "ConsoleApp\ConsoleApp.csproj", "{3571A8F2-33AE-4A8B-A702-7A0EF3E2CD30}"
EndProject
Global
	GlobalSection(SolutionConfigurationPlatforms) = preSolution
		Debug|Any CPU = Debug|Any CPU
		Release|Any CPU = Release|Any CPU
	EndGlobalSection
	GlobalSection(ProjectConfigurationPlatforms) = postSolution
		{3571A8F2-33AE-4A8B-A702-7A0EF3E2CD30}.Debug|Any CPU.ActiveCfg = Debug|Any CPU
		{3571A8F2-33AE-4A8B-A702-7A0EF3E2CD30}.Debug|Any CPU.Build.0 = Debug|Any CPU
		{3571A8F2-33AE-4A8B-A702-7A0EF3E2CD30}.Release|Any CPU.ActiveCfg = Release|Any CPU
		{3571A8F2-33AE-4A8B-A702-7A0EF3E2CD30}.Release|Any CPU.Build.0 = Release|Any CPU
	EndGlobalSection
	GlobalSection(SolutionProperties) = preSolution
		HideSolutionNode = FALSE
	EndGlobalSection
	GlobalSection(ExtensibilityGlobals) = postSolution
		SolutionGuid = {D504A7F6-A7CB-4013-8AF6-652C35164DFC}
	EndGlobalSection
EndGlobal
