
Microsoft Visual Studio Solution File, Format Version 12.00
# Visual Studio Version 17
VisualStudioVersion = 17.9.34701.34
MinimumVisualStudioVersion = 10.0.40219.1
Project("{FAE04EC0-301F-11D3-BF4B-00C04F79EFBC}") = "LINQToLookup", "LINQToLookup\LINQToLookup.csproj", "{3C40C039-D08C-4521-8E2E-302C37814102}"
EndProject
Global
	GlobalSection(SolutionConfigurationPlatforms) = preSolution
		Debug|Any CPU = Debug|Any CPU
		Release|Any CPU = Release|Any CPU
	EndGlobalSection
	GlobalSection(ProjectConfigurationPlatforms) = postSolution
		{3C40C039-D08C-4521-8E2E-302C37814102}.Debug|Any CPU.ActiveCfg = Debug|Any CPU
		{3C40C039-D08C-4521-8E2E-302C37814102}.Debug|Any CPU.Build.0 = Debug|Any CPU
		{3C40C039-D08C-4521-8E2E-302C37814102}.Release|Any CPU.ActiveCfg = Release|Any CPU
		{3C40C039-D08C-4521-8E2E-302C37814102}.Release|Any CPU.Build.0 = Release|Any CPU
	EndGlobalSection
	GlobalSection(SolutionProperties) = preSolution
		HideSolutionNode = FALSE
	EndGlobalSection
	GlobalSection(ExtensibilityGlobals) = postSolution
		SolutionGuid = {900982C3-C5A1-4710-9D22-F4536FBC50CF}
	EndGlobalSection
EndGlobal
