
Microsoft Visual Studio Solution File, Format Version 12.00
# Visual Studio Version 17
VisualStudioVersion = 17.9.34728.123
MinimumVisualStudioVersion = 10.0.40219.1
Project("{FAE04EC0-301F-11D3-BF4B-00C04F79EFBC}") = "gyak2", "gyak2\gyak2.csproj", "{32311C19-7F00-40BF-9193-C3F72FFC5D1C}"
EndProject
Global
	GlobalSection(SolutionConfigurationPlatforms) = preSolution
		Debug|Any CPU = Debug|Any CPU
		Release|Any CPU = Release|Any CPU
	EndGlobalSection
	GlobalSection(ProjectConfigurationPlatforms) = postSolution
		{32311C19-7F00-40BF-9193-C3F72FFC5D1C}.Debug|Any CPU.ActiveCfg = Debug|Any CPU
		{32311C19-7F00-40BF-9193-C3F72FFC5D1C}.Debug|Any CPU.Build.0 = Debug|Any CPU
		{32311C19-7F00-40BF-9193-C3F72FFC5D1C}.Release|Any CPU.ActiveCfg = Release|Any CPU
		{32311C19-7F00-40BF-9193-C3F72FFC5D1C}.Release|Any CPU.Build.0 = Release|Any CPU
	EndGlobalSection
	GlobalSection(SolutionProperties) = preSolution
		HideSolutionNode = FALSE
	EndGlobalSection
	GlobalSection(ExtensibilityGlobals) = postSolution
		SolutionGuid = {A53E9DC3-6D8F-4CF7-A01C-8273014BACDA}
	EndGlobalSection
EndGlobal
