
Microsoft Visual Studio Solution File, Format Version 12.00
# Visual Studio Version 17
VisualStudioVersion = 17.8.34511.84
MinimumVisualStudioVersion = 10.0.40219.1
Project("{FAE04EC0-301F-11D3-BF4B-00C04F79EFBC}") = "ConsoleAppSwap", "ConsoleApp20\ConsoleAppSwap.csproj", "{298A2E78-7EA5-468B-BC81-C33DA0F45C85}"
EndProject
Global
	GlobalSection(SolutionConfigurationPlatforms) = preSolution
		Debug|Any CPU = Debug|Any CPU
		Release|Any CPU = Release|Any CPU
	EndGlobalSection
	GlobalSection(ProjectConfigurationPlatforms) = postSolution
		{298A2E78-7EA5-468B-BC81-C33DA0F45C85}.Debug|Any CPU.ActiveCfg = Debug|Any CPU
		{298A2E78-7EA5-468B-BC81-C33DA0F45C85}.Debug|Any CPU.Build.0 = Debug|Any CPU
		{298A2E78-7EA5-468B-BC81-C33DA0F45C85}.Release|Any CPU.ActiveCfg = Release|Any CPU
		{298A2E78-7EA5-468B-BC81-C33DA0F45C85}.Release|Any CPU.Build.0 = Release|Any CPU
	EndGlobalSection
	GlobalSection(SolutionProperties) = preSolution
		HideSolutionNode = FALSE
	EndGlobalSection
	GlobalSection(ExtensibilityGlobals) = postSolution
		SolutionGuid = {CF740F48-7DBF-49FA-A955-88F968F9978B}
	EndGlobalSection
EndGlobal
