
Microsoft Visual Studio Solution File, Format Version 12.00
# Visual Studio Version 17
VisualStudioVersion = 17.9.34714.143
MinimumVisualStudioVersion = 10.0.40219.1
Project("{FAE04EC0-301F-11D3-BF4B-00C04F79EFBC}") = "BlazorApp3", "BlazorApp3\BlazorApp3.csproj", "{07C220D9-DB0D-4874-A88C-DD133DB829FB}"
EndProject
Global
	GlobalSection(SolutionConfigurationPlatforms) = preSolution
		Debug|Any CPU = Debug|Any CPU
		Release|Any CPU = Release|Any CPU
	EndGlobalSection
	GlobalSection(ProjectConfigurationPlatforms) = postSolution
		{07C220D9-DB0D-4874-A88C-DD133DB829FB}.Debug|Any CPU.ActiveCfg = Debug|Any CPU
		{07C220D9-DB0D-4874-A88C-DD133DB829FB}.Debug|Any CPU.Build.0 = Debug|Any CPU
		{07C220D9-DB0D-4874-A88C-DD133DB829FB}.Release|Any CPU.ActiveCfg = Release|Any CPU
		{07C220D9-DB0D-4874-A88C-DD133DB829FB}.Release|Any CPU.Build.0 = Release|Any CPU
	EndGlobalSection
	GlobalSection(SolutionProperties) = preSolution
		HideSolutionNode = FALSE
	EndGlobalSection
	GlobalSection(ExtensibilityGlobals) = postSolution
		SolutionGuid = {2671E3E4-AFBF-49E5-B470-5B13DD3B37EE}
	EndGlobalSection
EndGlobal
