
Microsoft Visual Studio Solution File, Format Version 12.00
# Visual Studio Version 17
VisualStudioVersion = 17.8.34511.84
MinimumVisualStudioVersion = 10.0.40219.1
Project("{FAE04EC0-301F-11D3-BF4B-00C04F79EFBC}") = "ConsoleApp23", "ConsoleApp23\ConsoleApp23.csproj", "{469C97C3-88EF-45F5-B84A-4E03E5482D0B}"
EndProject
Global
	GlobalSection(SolutionConfigurationPlatforms) = preSolution
		Debug|Any CPU = Debug|Any CPU
		Release|Any CPU = Release|Any CPU
	EndGlobalSection
	GlobalSection(ProjectConfigurationPlatforms) = postSolution
		{469C97C3-88EF-45F5-B84A-4E03E5482D0B}.Debug|Any CPU.ActiveCfg = Debug|Any CPU
		{469C97C3-88EF-45F5-B84A-4E03E5482D0B}.Debug|Any CPU.Build.0 = Debug|Any CPU
		{469C97C3-88EF-45F5-B84A-4E03E5482D0B}.Release|Any CPU.ActiveCfg = Release|Any CPU
		{469C97C3-88EF-45F5-B84A-4E03E5482D0B}.Release|Any CPU.Build.0 = Release|Any CPU
	EndGlobalSection
	GlobalSection(SolutionProperties) = preSolution
		HideSolutionNode = FALSE
	EndGlobalSection
	GlobalSection(ExtensibilityGlobals) = postSolution
		SolutionGuid = {D5E82F1B-5A47-4A87-84E7-8C8A0CCE8F80}
	EndGlobalSection
EndGlobal
