
Microsoft Visual Studio Solution File, Format Version 12.00
# Visual Studio Version 17
VisualStudioVersion = 17.9.34723.18
MinimumVisualStudioVersion = 10.0.40219.1
Project("{FAE04EC0-301F-11D3-BF4B-00C04F79EFBC}") = "DateTime", "DateTime.csproj", "{FCA040F5-517A-4F37-B67F-F7BCEDB3D537}"
EndProject
Global
	GlobalSection(SolutionConfigurationPlatforms) = preSolution
		Debug|Any CPU = Debug|Any CPU
		Release|Any CPU = Release|Any CPU
	EndGlobalSection
	GlobalSection(ProjectConfigurationPlatforms) = postSolution
		{FCA040F5-517A-4F37-B67F-F7BCEDB3D537}.Debug|Any CPU.ActiveCfg = Debug|Any CPU
		{FCA040F5-517A-4F37-B67F-F7BCEDB3D537}.Debug|Any CPU.Build.0 = Debug|Any CPU
		{FCA040F5-517A-4F37-B67F-F7BCEDB3D537}.Release|Any CPU.ActiveCfg = Release|Any CPU
		{FCA040F5-517A-4F37-B67F-F7BCEDB3D537}.Release|Any CPU.Build.0 = Release|Any CPU
	EndGlobalSection
	GlobalSection(SolutionProperties) = preSolution
		HideSolutionNode = FALSE
	EndGlobalSection
	GlobalSection(ExtensibilityGlobals) = postSolution
		SolutionGuid = {509029A4-3826-4350-83A3-BE05C6C2608C}
	EndGlobalSection
EndGlobal
