
Microsoft Visual Studio Solution File, Format Version 12.00
# Visual Studio Version 17
VisualStudioVersion = 17.9.34701.34
MinimumVisualStudioVersion = 10.0.40219.1
Project("{FAE04EC0-301F-11D3-BF4B-00C04F79EFBC}") = "LINQSelect", "LINQSelect\LINQSelect.csproj", "{91F91BD3-F972-472B-8245-D7CF595675D3}"
EndProject
Global
	GlobalSection(SolutionConfigurationPlatforms) = preSolution
		Debug|Any CPU = Debug|Any CPU
		Release|Any CPU = Release|Any CPU
	EndGlobalSection
	GlobalSection(ProjectConfigurationPlatforms) = postSolution
		{91F91BD3-F972-472B-8245-D7CF595675D3}.Debug|Any CPU.ActiveCfg = Debug|Any CPU
		{91F91BD3-F972-472B-8245-D7CF595675D3}.Debug|Any CPU.Build.0 = Debug|Any CPU
		{91F91BD3-F972-472B-8245-D7CF595675D3}.Release|Any CPU.ActiveCfg = Release|Any CPU
		{91F91BD3-F972-472B-8245-D7CF595675D3}.Release|Any CPU.Build.0 = Release|Any CPU
	EndGlobalSection
	GlobalSection(SolutionProperties) = preSolution
		HideSolutionNode = FALSE
	EndGlobalSection
	GlobalSection(ExtensibilityGlobals) = postSolution
		SolutionGuid = {7D3725DA-50CD-4667-BE09-626325B57704}
	EndGlobalSection
EndGlobal
