
Microsoft Visual Studio Solution File, Format Version 12.00
# Visual Studio Version 17
VisualStudioVersion = 17.9.34728.123
MinimumVisualStudioVersion = 10.0.40219.1
Project("{FAE04EC0-301F-11D3-BF4B-00C04F79EFBC}") = "NULL-Coalescing-Operator", "NULL-Coalescing-Operator.csproj", "{B1152437-A75A-450B-8F91-2CF3D02E43CC}"
EndProject
Global
	GlobalSection(SolutionConfigurationPlatforms) = preSolution
		Debug|Any CPU = Debug|Any CPU
		Release|Any CPU = Release|Any CPU
	EndGlobalSection
	GlobalSection(ProjectConfigurationPlatforms) = postSolution
		{B1152437-A75A-450B-8F91-2CF3D02E43CC}.Debug|Any CPU.ActiveCfg = Debug|Any CPU
		{B1152437-A75A-450B-8F91-2CF3D02E43CC}.Debug|Any CPU.Build.0 = Debug|Any CPU
		{B1152437-A75A-450B-8F91-2CF3D02E43CC}.Release|Any CPU.ActiveCfg = Release|Any CPU
		{B1152437-A75A-450B-8F91-2CF3D02E43CC}.Release|Any CPU.Build.0 = Release|Any CPU
	EndGlobalSection
	GlobalSection(SolutionProperties) = preSolution
		HideSolutionNode = FALSE
	EndGlobalSection
	GlobalSection(ExtensibilityGlobals) = postSolution
		SolutionGuid = {ED803B2C-0F30-4001-8737-0B8662AFEE3D}
	EndGlobalSection
EndGlobal
