
Microsoft Visual Studio Solution File, Format Version 12.00
# Visual Studio Version 17
VisualStudioVersion = 17.9.34728.123
MinimumVisualStudioVersion = 10.0.40219.1
Project("{FAE04EC0-301F-11D3-BF4B-00C04F79EFBC}") = "TaskAsyncAwait-05-04", "TaskAsyncAwait-05-04\TaskAsyncAwait-05-04.csproj", "{F7856420-957E-4F37-A5F2-F9660B4C2D2D}"
EndProject
Global
	GlobalSection(SolutionConfigurationPlatforms) = preSolution
		Debug|Any CPU = Debug|Any CPU
		Release|Any CPU = Release|Any CPU
	EndGlobalSection
	GlobalSection(ProjectConfigurationPlatforms) = postSolution
		{F7856420-957E-4F37-A5F2-F9660B4C2D2D}.Debug|Any CPU.ActiveCfg = Debug|Any CPU
		{F7856420-957E-4F37-A5F2-F9660B4C2D2D}.Debug|Any CPU.Build.0 = Debug|Any CPU
		{F7856420-957E-4F37-A5F2-F9660B4C2D2D}.Release|Any CPU.ActiveCfg = Release|Any CPU
		{F7856420-957E-4F37-A5F2-F9660B4C2D2D}.Release|Any CPU.Build.0 = Release|Any CPU
	EndGlobalSection
	GlobalSection(SolutionProperties) = preSolution
		HideSolutionNode = FALSE
	EndGlobalSection
	GlobalSection(ExtensibilityGlobals) = postSolution
		SolutionGuid = {B3CE2AB9-6702-4F64-B3E5-3D5E9A7D7BC3}
	EndGlobalSection
EndGlobal
