
Microsoft Visual Studio Solution File, Format Version 12.00
# Visual Studio Version 17
VisualStudioVersion = 17.8.34511.84
MinimumVisualStudioVersion = 10.0.40219.1
Project("{FAE04EC0-301F-11D3-BF4B-00C04F79EFBC}") = "ConsoleApp15", "ConsoleApp15\ConsoleApp15.csproj", "{A5746E53-454D-4192-A3D3-0F99E78BC3EF}"
EndProject
Global
	GlobalSection(SolutionConfigurationPlatforms) = preSolution
		Debug|Any CPU = Debug|Any CPU
		Release|Any CPU = Release|Any CPU
	EndGlobalSection
	GlobalSection(ProjectConfigurationPlatforms) = postSolution
		{A5746E53-454D-4192-A3D3-0F99E78BC3EF}.Debug|Any CPU.ActiveCfg = Debug|Any CPU
		{A5746E53-454D-4192-A3D3-0F99E78BC3EF}.Debug|Any CPU.Build.0 = Debug|Any CPU
		{A5746E53-454D-4192-A3D3-0F99E78BC3EF}.Release|Any CPU.ActiveCfg = Release|Any CPU
		{A5746E53-454D-4192-A3D3-0F99E78BC3EF}.Release|Any CPU.Build.0 = Release|Any CPU
	EndGlobalSection
	GlobalSection(SolutionProperties) = preSolution
		HideSolutionNode = FALSE
	EndGlobalSection
	GlobalSection(ExtensibilityGlobals) = postSolution
		SolutionGuid = {49CB9980-6BF5-4430-B20F-9A0A46C9266D}
	EndGlobalSection
EndGlobal
