
Microsoft Visual Studio Solution File, Format Version 12.00
# Visual Studio Version 17
VisualStudioVersion = 17.10.34928.147
MinimumVisualStudioVersion = 10.0.40219.1
Project("{9A19103F-16F7-4668-BE54-9A1E7A4F7556}") = "Todo", "Todo\Todo.csproj", "{6489FB8A-D309-4E18-AE22-33300A3A0857}"
EndProject
Global
	GlobalSection(SolutionConfigurationPlatforms) = preSolution
		Debug|Any CPU = Debug|Any CPU
		Release|Any CPU = Release|Any CPU
	EndGlobalSection
	GlobalSection(ProjectConfigurationPlatforms) = postSolution
		{6489FB8A-D309-4E18-AE22-33300A3A0857}.Debug|Any CPU.ActiveCfg = Debug|Any CPU
		{6489FB8A-D309-4E18-AE22-33300A3A0857}.Debug|Any CPU.Build.0 = Debug|Any CPU
		{6489FB8A-D309-4E18-AE22-33300A3A0857}.Release|Any CPU.ActiveCfg = Release|Any CPU
		{6489FB8A-D309-4E18-AE22-33300A3A0857}.Release|Any CPU.Build.0 = Release|Any CPU
	EndGlobalSection
	GlobalSection(SolutionProperties) = preSolution
		HideSolutionNode = FALSE
	EndGlobalSection
	GlobalSection(ExtensibilityGlobals) = postSolution
		SolutionGuid = {0D9CAC2B-37FC-4A5C-A7AF-15D1FF74720C}
	EndGlobalSection
EndGlobal
