
Microsoft Visual Studio Solution File, Format Version 12.00
# Visual Studio Version 17
VisualStudioVersion = 17.8.34408.163
MinimumVisualStudioVersion = 10.0.40219.1
Project("{FAE04EC0-301F-11D3-BF4B-00C04F79EFBC}") = "ConsoleApp1", "ConsoleApp1\ConsoleApp1.csproj", "{197A16B7-5D15-47A9-BF94-A36914733CCD}"
EndProject
Global
	GlobalSection(SolutionConfigurationPlatforms) = preSolution
		Debug|Any CPU = Debug|Any CPU
		Release|Any CPU = Release|Any CPU
	EndGlobalSection
	GlobalSection(ProjectConfigurationPlatforms) = postSolution
		{197A16B7-5D15-47A9-BF94-A36914733CCD}.Debug|Any CPU.ActiveCfg = Debug|Any CPU
		{197A16B7-5D15-47A9-BF94-A36914733CCD}.Debug|Any CPU.Build.0 = Debug|Any CPU
		{197A16B7-5D15-47A9-BF94-A36914733CCD}.Release|Any CPU.ActiveCfg = Release|Any CPU
		{197A16B7-5D15-47A9-BF94-A36914733CCD}.Release|Any CPU.Build.0 = Release|Any CPU
	EndGlobalSection
	GlobalSection(SolutionProperties) = preSolution
		HideSolutionNode = FALSE
	EndGlobalSection
	GlobalSection(ExtensibilityGlobals) = postSolution
		SolutionGuid = {42885847-1777-4FD8-A6F8-C4CD7D08707B}
	EndGlobalSection
EndGlobal
