
Microsoft Visual Studio Solution File, Format Version 12.00
# Visual Studio Version 17
VisualStudioVersion = 17.9.34701.34
MinimumVisualStudioVersion = 10.0.40219.1
Project("{FAE04EC0-301F-11D3-BF4B-00C04F79EFBC}") = "LINQOsszetettKulcsok", "LINQOsszetettKulcsok\LINQOsszetettKulcsok.csproj", "{FDA93F27-0998-4BE8-966D-EA9B5809735B}"
EndProject
Global
	GlobalSection(SolutionConfigurationPlatforms) = preSolution
		Debug|Any CPU = Debug|Any CPU
		Release|Any CPU = Release|Any CPU
	EndGlobalSection
	GlobalSection(ProjectConfigurationPlatforms) = postSolution
		{FDA93F27-0998-4BE8-966D-EA9B5809735B}.Debug|Any CPU.ActiveCfg = Debug|Any CPU
		{FDA93F27-0998-4BE8-966D-EA9B5809735B}.Debug|Any CPU.Build.0 = Debug|Any CPU
		{FDA93F27-0998-4BE8-966D-EA9B5809735B}.Release|Any CPU.ActiveCfg = Release|Any CPU
		{FDA93F27-0998-4BE8-966D-EA9B5809735B}.Release|Any CPU.Build.0 = Release|Any CPU
	EndGlobalSection
	GlobalSection(SolutionProperties) = preSolution
		HideSolutionNode = FALSE
	EndGlobalSection
	GlobalSection(ExtensibilityGlobals) = postSolution
		SolutionGuid = {EB598B21-A45A-4287-A053-A7C4C5C82D8C}
	EndGlobalSection
EndGlobal
