
Microsoft Visual Studio Solution File, Format Version 12.00
# Visual Studio Version 17
VisualStudioVersion = 17.10.35013.160
MinimumVisualStudioVersion = 10.0.40219.1
Project("{FAE04EC0-301F-11D3-BF4B-00C04F79EFBC}") = "Disemvowel2", "Disemvowel2\Disemvowel2.csproj", "{559C0ACE-4DD0-4039-B654-AB9AF5D58FC5}"
EndProject
Global
	GlobalSection(SolutionConfigurationPlatforms) = preSolution
		Debug|Any CPU = Debug|Any CPU
		Release|Any CPU = Release|Any CPU
	EndGlobalSection
	GlobalSection(ProjectConfigurationPlatforms) = postSolution
		{559C0ACE-4DD0-4039-B654-AB9AF5D58FC5}.Debug|Any CPU.ActiveCfg = Debug|Any CPU
		{559C0ACE-4DD0-4039-B654-AB9AF5D58FC5}.Debug|Any CPU.Build.0 = Debug|Any CPU
		{559C0ACE-4DD0-4039-B654-AB9AF5D58FC5}.Release|Any CPU.ActiveCfg = Release|Any CPU
		{559C0ACE-4DD0-4039-B654-AB9AF5D58FC5}.Release|Any CPU.Build.0 = Release|Any CPU
	EndGlobalSection
	GlobalSection(SolutionProperties) = preSolution
		HideSolutionNode = FALSE
	EndGlobalSection
	GlobalSection(ExtensibilityGlobals) = postSolution
		SolutionGuid = {22A420BC-E91C-4194-822C-EAC59378A2E4}
	EndGlobalSection
EndGlobal
