
Microsoft Visual Studio Solution File, Format Version 12.00
# Visual Studio Version 17
VisualStudioVersion = 17.10.35013.160
MinimumVisualStudioVersion = 10.0.40219.1
Project("{FAE04EC0-301F-11D3-BF4B-00C04F79EFBC}") = "GenerikusDelegate1", "GenerikusDelegate1\GenerikusDelegate1.csproj", "{D9B9C1A1-3DF7-4AFA-8551-4FF41CCD0FE2}"
EndProject
Global
	GlobalSection(SolutionConfigurationPlatforms) = preSolution
		Debug|Any CPU = Debug|Any CPU
		Release|Any CPU = Release|Any CPU
	EndGlobalSection
	GlobalSection(ProjectConfigurationPlatforms) = postSolution
		{D9B9C1A1-3DF7-4AFA-8551-4FF41CCD0FE2}.Debug|Any CPU.ActiveCfg = Debug|Any CPU
		{D9B9C1A1-3DF7-4AFA-8551-4FF41CCD0FE2}.Debug|Any CPU.Build.0 = Debug|Any CPU
		{D9B9C1A1-3DF7-4AFA-8551-4FF41CCD0FE2}.Release|Any CPU.ActiveCfg = Release|Any CPU
		{D9B9C1A1-3DF7-4AFA-8551-4FF41CCD0FE2}.Release|Any CPU.Build.0 = Release|Any CPU
	EndGlobalSection
	GlobalSection(SolutionProperties) = preSolution
		HideSolutionNode = FALSE
	EndGlobalSection
	GlobalSection(ExtensibilityGlobals) = postSolution
		SolutionGuid = {CC32C668-031B-4256-9BC7-ACB5A004E674}
	EndGlobalSection
EndGlobal
