
Microsoft Visual Studio Solution File, Format Version 12.00
# Visual Studio Version 17
VisualStudioVersion = 17.10.35004.147
MinimumVisualStudioVersion = 10.0.40219.1
Project("{FAE04EC0-301F-11D3-BF4B-00C04F79EFBC}") = "Tuples1", "Tuples1\Tuples1.csproj", "{D3F750D0-1C9B-4543-AAA2-BD83B2DE2D71}"
EndProject
Global
	GlobalSection(SolutionConfigurationPlatforms) = preSolution
		Debug|Any CPU = Debug|Any CPU
		Release|Any CPU = Release|Any CPU
	EndGlobalSection
	GlobalSection(ProjectConfigurationPlatforms) = postSolution
		{D3F750D0-1C9B-4543-AAA2-BD83B2DE2D71}.Debug|Any CPU.ActiveCfg = Debug|Any CPU
		{D3F750D0-1C9B-4543-AAA2-BD83B2DE2D71}.Debug|Any CPU.Build.0 = Debug|Any CPU
		{D3F750D0-1C9B-4543-AAA2-BD83B2DE2D71}.Release|Any CPU.ActiveCfg = Release|Any CPU
		{D3F750D0-1C9B-4543-AAA2-BD83B2DE2D71}.Release|Any CPU.Build.0 = Release|Any CPU
	EndGlobalSection
	GlobalSection(SolutionProperties) = preSolution
		HideSolutionNode = FALSE
	EndGlobalSection
	GlobalSection(ExtensibilityGlobals) = postSolution
		SolutionGuid = {05DB0746-1EBD-4B21-9031-A56392CBA7AA}
	EndGlobalSection
EndGlobal
