
Microsoft Visual Studio Solution File, Format Version 12.00
# Visual Studio Version 17
VisualStudioVersion = 17.9.34714.143
MinimumVisualStudioVersion = 10.0.40219.1
Project("{FAE04EC0-301F-11D3-BF4B-00C04F79EFBC}") = "WindowsFormsApp1", "WindowsFormsApp1\WindowsFormsApp1.csproj", "{BE887604-89DF-4F19-A146-55F41E9AC1CD}"
EndProject
Global
	GlobalSection(SolutionConfigurationPlatforms) = preSolution
		Debug|Any CPU = Debug|Any CPU
		Release|Any CPU = Release|Any CPU
	EndGlobalSection
	GlobalSection(ProjectConfigurationPlatforms) = postSolution
		{BE887604-89DF-4F19-A146-55F41E9AC1CD}.Debug|Any CPU.ActiveCfg = Debug|Any CPU
		{BE887604-89DF-4F19-A146-55F41E9AC1CD}.Debug|Any CPU.Build.0 = Debug|Any CPU
		{BE887604-89DF-4F19-A146-55F41E9AC1CD}.Release|Any CPU.ActiveCfg = Release|Any CPU
		{BE887604-89DF-4F19-A146-55F41E9AC1CD}.Release|Any CPU.Build.0 = Release|Any CPU
	EndGlobalSection
	GlobalSection(SolutionProperties) = preSolution
		HideSolutionNode = FALSE
	EndGlobalSection
	GlobalSection(ExtensibilityGlobals) = postSolution
		SolutionGuid = {E6F48CE8-D30A-42A6-990F-67621B7EEAE1}
	EndGlobalSection
EndGlobal
