
Microsoft Visual Studio Solution File, Format Version 12.00
# Visual Studio Version 17
VisualStudioVersion = 17.9.34728.123
MinimumVisualStudioVersion = 10.0.40219.1
Project("{FAE04EC0-301F-11D3-BF4B-00C04F79EFBC}") = "yieldTest2", "yieldTest2.csproj", "{2F396D5C-EC49-46AF-AA30-0EF826C23F69}"
EndProject
Global
	GlobalSection(SolutionConfigurationPlatforms) = preSolution
		Debug|Any CPU = Debug|Any CPU
		Release|Any CPU = Release|Any CPU
	EndGlobalSection
	GlobalSection(ProjectConfigurationPlatforms) = postSolution
		{2F396D5C-EC49-46AF-AA30-0EF826C23F69}.Debug|Any CPU.ActiveCfg = Debug|Any CPU
		{2F396D5C-EC49-46AF-AA30-0EF826C23F69}.Debug|Any CPU.Build.0 = Debug|Any CPU
		{2F396D5C-EC49-46AF-AA30-0EF826C23F69}.Release|Any CPU.ActiveCfg = Release|Any CPU
		{2F396D5C-EC49-46AF-AA30-0EF826C23F69}.Release|Any CPU.Build.0 = Release|Any CPU
	EndGlobalSection
	GlobalSection(SolutionProperties) = preSolution
		HideSolutionNode = FALSE
	EndGlobalSection
	GlobalSection(ExtensibilityGlobals) = postSolution
		SolutionGuid = {3544A6CD-2CE2-45D4-BF58-D95E15311A2C}
	EndGlobalSection
EndGlobal
