
Microsoft Visual Studio Solution File, Format Version 12.00
# Visual Studio Version 17
VisualStudioVersion = 17.9.34728.123
MinimumVisualStudioVersion = 10.0.40219.1
Project("{FAE04EC0-301F-11D3-BF4B-00C04F79EFBC}") = "PiramisChatGPT", "PiramisChatGPT\PiramisChatGPT.csproj", "{3BAE9C64-7430-471B-8A88-E6317CE097DE}"
EndProject
Global
	GlobalSection(SolutionConfigurationPlatforms) = preSolution
		Debug|Any CPU = Debug|Any CPU
		Release|Any CPU = Release|Any CPU
	EndGlobalSection
	GlobalSection(ProjectConfigurationPlatforms) = postSolution
		{3BAE9C64-7430-471B-8A88-E6317CE097DE}.Debug|Any CPU.ActiveCfg = Debug|Any CPU
		{3BAE9C64-7430-471B-8A88-E6317CE097DE}.Debug|Any CPU.Build.0 = Debug|Any CPU
		{3BAE9C64-7430-471B-8A88-E6317CE097DE}.Release|Any CPU.ActiveCfg = Release|Any CPU
		{3BAE9C64-7430-471B-8A88-E6317CE097DE}.Release|Any CPU.Build.0 = Release|Any CPU
	EndGlobalSection
	GlobalSection(SolutionProperties) = preSolution
		HideSolutionNode = FALSE
	EndGlobalSection
	GlobalSection(ExtensibilityGlobals) = postSolution
		SolutionGuid = {ACAEDFB4-2B13-497B-B776-747944694ED2}
	EndGlobalSection
EndGlobal
