
Microsoft Visual Studio Solution File, Format Version 12.00
# Visual Studio Version 17
VisualStudioVersion = 17.9.34728.123
MinimumVisualStudioVersion = 10.0.40219.1
Project("{FAE04EC0-301F-11D3-BF4B-00C04F79EFBC}") = "Ref2", "Ref2\Ref2.csproj", "{B6C8D349-2D08-4329-AE58-49ACE65D3308}"
EndProject
Global
	GlobalSection(SolutionConfigurationPlatforms) = preSolution
		Debug|Any CPU = Debug|Any CPU
		Release|Any CPU = Release|Any CPU
	EndGlobalSection
	GlobalSection(ProjectConfigurationPlatforms) = postSolution
		{B6C8D349-2D08-4329-AE58-49ACE65D3308}.Debug|Any CPU.ActiveCfg = Debug|Any CPU
		{B6C8D349-2D08-4329-AE58-49ACE65D3308}.Debug|Any CPU.Build.0 = Debug|Any CPU
		{B6C8D349-2D08-4329-AE58-49ACE65D3308}.Release|Any CPU.ActiveCfg = Release|Any CPU
		{B6C8D349-2D08-4329-AE58-49ACE65D3308}.Release|Any CPU.Build.0 = Release|Any CPU
	EndGlobalSection
	GlobalSection(SolutionProperties) = preSolution
		HideSolutionNode = FALSE
	EndGlobalSection
	GlobalSection(ExtensibilityGlobals) = postSolution
		SolutionGuid = {254602D1-01D1-445B-8352-4C4021E9E208}
	EndGlobalSection
EndGlobal
