
Microsoft Visual Studio Solution File, Format Version 12.00
# Visual Studio Version 17
VisualStudioVersion = 17.10.34916.146
MinimumVisualStudioVersion = 10.0.40219.1
Project("{FAE04EC0-301F-11D3-BF4B-00C04F79EFBC}") = "Params1", "Params1\Params1.csproj", "{6410672F-78DD-4DD6-9479-1FDE4E6966B7}"
EndProject
Global
	GlobalSection(SolutionConfigurationPlatforms) = preSolution
		Debug|Any CPU = Debug|Any CPU
		Release|Any CPU = Release|Any CPU
	EndGlobalSection
	GlobalSection(ProjectConfigurationPlatforms) = postSolution
		{6410672F-78DD-4DD6-9479-1FDE4E6966B7}.Debug|Any CPU.ActiveCfg = Debug|Any CPU
		{6410672F-78DD-4DD6-9479-1FDE4E6966B7}.Debug|Any CPU.Build.0 = Debug|Any CPU
		{6410672F-78DD-4DD6-9479-1FDE4E6966B7}.Release|Any CPU.ActiveCfg = Release|Any CPU
		{6410672F-78DD-4DD6-9479-1FDE4E6966B7}.Release|Any CPU.Build.0 = Release|Any CPU
	EndGlobalSection
	GlobalSection(SolutionProperties) = preSolution
		HideSolutionNode = FALSE
	EndGlobalSection
	GlobalSection(ExtensibilityGlobals) = postSolution
		SolutionGuid = {85EA17AC-4CEC-4C2E-893D-09A189EF02F6}
	EndGlobalSection
EndGlobal
