
Microsoft Visual Studio Solution File, Format Version 12.00
# Visual Studio Version 17
VisualStudioVersion = 17.8.34525.116
MinimumVisualStudioVersion = 10.0.40219.1
Project("{FAE04EC0-301F-11D3-BF4B-00C04F79EFBC}") = "EqualOperator", "EqualOperator\EqualOperator.csproj", "{66B66069-5DC3-4C59-874A-C3DFEA0A823D}"
EndProject
Global
	GlobalSection(SolutionConfigurationPlatforms) = preSolution
		Debug|Any CPU = Debug|Any CPU
		Release|Any CPU = Release|Any CPU
	EndGlobalSection
	GlobalSection(ProjectConfigurationPlatforms) = postSolution
		{66B66069-5DC3-4C59-874A-C3DFEA0A823D}.Debug|Any CPU.ActiveCfg = Debug|Any CPU
		{66B66069-5DC3-4C59-874A-C3DFEA0A823D}.Debug|Any CPU.Build.0 = Debug|Any CPU
		{66B66069-5DC3-4C59-874A-C3DFEA0A823D}.Release|Any CPU.ActiveCfg = Release|Any CPU
		{66B66069-5DC3-4C59-874A-C3DFEA0A823D}.Release|Any CPU.Build.0 = Release|Any CPU
	EndGlobalSection
	GlobalSection(SolutionProperties) = preSolution
		HideSolutionNode = FALSE
	EndGlobalSection
	GlobalSection(ExtensibilityGlobals) = postSolution
		SolutionGuid = {AB3B34C8-FBF9-43C8-AC65-83CEDF8BE096}
	EndGlobalSection
EndGlobal
