
Microsoft Visual Studio Solution File, Format Version 12.00
# Visual Studio Version 17
VisualStudioVersion = 17.8.34525.116
MinimumVisualStudioVersion = 10.0.40219.1
Project("{FAE04EC0-301F-11D3-BF4B-00C04F79EFBC}") = "Event2", "Event2\Event2.csproj", "{205DD84A-7FE3-4983-BDE5-A795C590F7FB}"
EndProject
Global
	GlobalSection(SolutionConfigurationPlatforms) = preSolution
		Debug|Any CPU = Debug|Any CPU
		Release|Any CPU = Release|Any CPU
	EndGlobalSection
	GlobalSection(ProjectConfigurationPlatforms) = postSolution
		{205DD84A-7FE3-4983-BDE5-A795C590F7FB}.Debug|Any CPU.ActiveCfg = Debug|Any CPU
		{205DD84A-7FE3-4983-BDE5-A795C590F7FB}.Debug|Any CPU.Build.0 = Debug|Any CPU
		{205DD84A-7FE3-4983-BDE5-A795C590F7FB}.Release|Any CPU.ActiveCfg = Release|Any CPU
		{205DD84A-7FE3-4983-BDE5-A795C590F7FB}.Release|Any CPU.Build.0 = Release|Any CPU
	EndGlobalSection
	GlobalSection(SolutionProperties) = preSolution
		HideSolutionNode = FALSE
	EndGlobalSection
	GlobalSection(ExtensibilityGlobals) = postSolution
		SolutionGuid = {4B6F145D-D23C-4073-9F81-D55564292505}
	EndGlobalSection
EndGlobal
