
Microsoft Visual Studio Solution File, Format Version 12.00
# Visual Studio Version 17
VisualStudioVersion = 17.9.34728.123
MinimumVisualStudioVersion = 10.0.40219.1
Project("{FAE04EC0-301F-11D3-BF4B-00C04F79EFBC}") = "Action2", "Action2\Action2.csproj", "{20014EEC-6A3C-49B0-912D-D5651B4FEE36}"
EndProject
Global
	GlobalSection(SolutionConfigurationPlatforms) = preSolution
		Debug|Any CPU = Debug|Any CPU
		Release|Any CPU = Release|Any CPU
	EndGlobalSection
	GlobalSection(ProjectConfigurationPlatforms) = postSolution
		{20014EEC-6A3C-49B0-912D-D5651B4FEE36}.Debug|Any CPU.ActiveCfg = Debug|Any CPU
		{20014EEC-6A3C-49B0-912D-D5651B4FEE36}.Debug|Any CPU.Build.0 = Debug|Any CPU
		{20014EEC-6A3C-49B0-912D-D5651B4FEE36}.Release|Any CPU.ActiveCfg = Release|Any CPU
		{20014EEC-6A3C-49B0-912D-D5651B4FEE36}.Release|Any CPU.Build.0 = Release|Any CPU
	EndGlobalSection
	GlobalSection(SolutionProperties) = preSolution
		HideSolutionNode = FALSE
	EndGlobalSection
	GlobalSection(ExtensibilityGlobals) = postSolution
		SolutionGuid = {1B625D36-DB9D-4D59-94BD-731A79455A17}
	EndGlobalSection
EndGlobal
