
Microsoft Visual Studio Solution File, Format Version 12.00
# Visual Studio Version 17
VisualStudioVersion = 17.9.34622.214
MinimumVisualStudioVersion = 10.0.40219.1
Project("{FAE04EC0-301F-11D3-BF4B-00C04F79EFBC}") = "CurrentThread", "CurrentThread\CurrentThread.csproj", "{BD119A8E-DAB7-4D43-BF43-2B18030EA2A2}"
EndProject
Global
	GlobalSection(SolutionConfigurationPlatforms) = preSolution
		Debug|Any CPU = Debug|Any CPU
		Release|Any CPU = Release|Any CPU
	EndGlobalSection
	GlobalSection(ProjectConfigurationPlatforms) = postSolution
		{BD119A8E-DAB7-4D43-BF43-2B18030EA2A2}.Debug|Any CPU.ActiveCfg = Debug|Any CPU
		{BD119A8E-DAB7-4D43-BF43-2B18030EA2A2}.Debug|Any CPU.Build.0 = Debug|Any CPU
		{BD119A8E-DAB7-4D43-BF43-2B18030EA2A2}.Release|Any CPU.ActiveCfg = Release|Any CPU
		{BD119A8E-DAB7-4D43-BF43-2B18030EA2A2}.Release|Any CPU.Build.0 = Release|Any CPU
	EndGlobalSection
	GlobalSection(SolutionProperties) = preSolution
		HideSolutionNode = FALSE
	EndGlobalSection
	GlobalSection(ExtensibilityGlobals) = postSolution
		SolutionGuid = {5130E931-010B-4757-B1CE-FB322DC0228B}
	EndGlobalSection
EndGlobal
