
Microsoft Visual Studio Solution File, Format Version 12.00
# Visual Studio Version 17
VisualStudioVersion = 17.8.34511.84
MinimumVisualStudioVersion = 10.0.40219.1
Project("{FAE04EC0-301F-11D3-BF4B-00C04F79EFBC}") = "ConsoleApp32", "ConsoleApp32\ConsoleApp32.csproj", "{8EEA0C70-161B-4025-A04B-1FBAB86A28FE}"
EndProject
Global
	GlobalSection(SolutionConfigurationPlatforms) = preSolution
		Debug|Any CPU = Debug|Any CPU
		Release|Any CPU = Release|Any CPU
	EndGlobalSection
	GlobalSection(ProjectConfigurationPlatforms) = postSolution
		{8EEA0C70-161B-4025-A04B-1FBAB86A28FE}.Debug|Any CPU.ActiveCfg = Debug|Any CPU
		{8EEA0C70-161B-4025-A04B-1FBAB86A28FE}.Debug|Any CPU.Build.0 = Debug|Any CPU
		{8EEA0C70-161B-4025-A04B-1FBAB86A28FE}.Release|Any CPU.ActiveCfg = Release|Any CPU
		{8EEA0C70-161B-4025-A04B-1FBAB86A28FE}.Release|Any CPU.Build.0 = Release|Any CPU
	EndGlobalSection
	GlobalSection(SolutionProperties) = preSolution
		HideSolutionNode = FALSE
	EndGlobalSection
	GlobalSection(ExtensibilityGlobals) = postSolution
		SolutionGuid = {F9130B46-5E1E-4B04-8627-ED5A88025941}
	EndGlobalSection
EndGlobal
