
Microsoft Visual Studio Solution File, Format Version 12.00
# Visual Studio Version 17
VisualStudioVersion = 17.10.35013.160
MinimumVisualStudioVersion = 10.0.40219.1
Project("{FAE04EC0-301F-11D3-BF4B-00C04F79EFBC}") = "StringReverse", "StringReverse\StringReverse.csproj", "{183844DD-BA21-44B1-8B9D-37E741354D4B}"
EndProject
Global
	GlobalSection(SolutionConfigurationPlatforms) = preSolution
		Debug|Any CPU = Debug|Any CPU
		Release|Any CPU = Release|Any CPU
	EndGlobalSection
	GlobalSection(ProjectConfigurationPlatforms) = postSolution
		{183844DD-BA21-44B1-8B9D-37E741354D4B}.Debug|Any CPU.ActiveCfg = Debug|Any CPU
		{183844DD-BA21-44B1-8B9D-37E741354D4B}.Debug|Any CPU.Build.0 = Debug|Any CPU
		{183844DD-BA21-44B1-8B9D-37E741354D4B}.Release|Any CPU.ActiveCfg = Release|Any CPU
		{183844DD-BA21-44B1-8B9D-37E741354D4B}.Release|Any CPU.Build.0 = Release|Any CPU
	EndGlobalSection
	GlobalSection(SolutionProperties) = preSolution
		HideSolutionNode = FALSE
	EndGlobalSection
	GlobalSection(ExtensibilityGlobals) = postSolution
		SolutionGuid = {FDE28982-4AA6-4C11-BC23-97922D6C1BBC}
	EndGlobalSection
EndGlobal
